{
  "pins" : [
    {
      "identity" : "alamofire",
      "kind" : "remoteSourceControl",
      "location" : "https://github.com/Alamofire/Alamofire.git",
      "state" : {
        "revision" : "8dd85aee02e39dd280c75eef88ffdb86eed4b07b",
        "version" : "5.6.2"
      }
    },
    {
      "identity" : "l10n-swift",
      "kind" : "remoteSourceControl",
      "location" : "https://github.com/Decybel07/L10n-swift.git",
      "state" : {
        "revision" : "813aa7229b7e32e2cc579055bdc6ac2195c72ff9",
        "version" : "5.10.2"
      }
    }
  ],
  "version" : 2
}
